{
  "lockfileVersion": 1,
  "configVersion": 1,
  "workspaces": {
    "": {
      "name": "hatch-ts-space-bible-app",
      "dependencies": {
        "@hatch/space-sdk": "file:/opt/hatch/skills/spaces/ts-runtime/dist/space-sdk.tgz",
        "@tanstack/react-query": "5.100.10",
        "drizzle-orm": "0.45.2",
        "react": "19.2.5",
        "react-dom": "19.2.5",
        "recharts": "2.15.3",
        "zod": "4.4.3",
      },
      "devDependencies": {
        "@types/bun": "latest",
        "@types/react": "19.2.14",
        "@types/react-dom": "19.2.3",
        "tailwindcss": "4.1.13",
        "tailwindcss-safe-area": "1.3.0",
        "typescript": "5.6.3",
      },
    },
  },
  "packages": {
    "@babel/runtime": ["@babel/runtime@7.29.7", "", {}, "sha512-Nq8OhGWiZIZGV6hLHoyAKLLcJihP/xFeBMGJoUrxTX2psI8dCifzLhZISFb+VWS3wFMRDmCGw5R+dOySCqPLhw=="],

    "@hatch/space-sdk": ["@hatch/space-sdk@/opt/hatch/skills/spaces/ts-runtime/dist/space-sdk.tgz", { "dependencies": { "bun-plugin-tailwind": "0.0.15", "zod": "4.4.3" }, "peerDependencies": { "@libsql/client": "^0.14", "@tanstack/react-query": "^5", "drizzle-orm": "^0.45", "react": "^18 || ^19", "typescript": "^5" } }, "sha512-HNj18u1S+P6mAFiR4QNn4Lj85ZR+tRuecvhUMgaA7y+yYEJQTEt4r1lAHLzEA6IiU2pJMnm610jcoP9vC/Y1pw=="],

    "@libsql/client": ["@libsql/client@0.14.0", "", { "dependencies": { "@libsql/core": "^0.14.0", "@libsql/hrana-client": "^0.7.0", "js-base64": "^3.7.5", "libsql": "^0.4.4", "promise-limit": "^2.7.0" } }, "sha512-/9HEKfn6fwXB5aTEEoMeFh4CtG0ZzbncBb1e++OCdVpgKZ/xyMsIVYXm0w7Pv4RUel803vE6LwniB3PqD72R0Q=="],

    "@libsql/core": ["@libsql/core@0.14.0", "", { "dependencies": { "js-base64": "^3.7.5" } }, "sha512-nhbuXf7GP3PSZgdCY2Ecj8vz187ptHlZQ0VRc751oB2C1W8jQUXKKklvt7t1LJiUTQBVJuadF628eUk+3cRi4Q=="],

    "@libsql/darwin-arm64": ["@libsql/darwin-arm64@0.4.7", "", { "os": "darwin", "cpu": "arm64" }, "sha512-yOL742IfWUlUevnI5PdnIT4fryY3LYTdLm56bnY0wXBw7dhFcnjuA7jrH3oSVz2mjZTHujxoITgAE7V6Z+eAbg=="],

    "@libsql/darwin-x64": ["@libsql/darwin-x64@0.4.7", "", { "os": "darwin", "cpu": "x64" }, "sha512-ezc7V75+eoyyH07BO9tIyJdqXXcRfZMbKcLCeF8+qWK5nP8wWuMcfOVywecsXGRbT99zc5eNra4NEx6z5PkSsA=="],

    "@libsql/hrana-client": ["@libsql/hrana-client@0.7.0", "", { "dependencies": { "@libsql/isomorphic-fetch": "^0.3.1", "@libsql/isomorphic-ws": "^0.1.5", "js-base64": "^3.7.5", "node-fetch": "^3.3.2" } }, "sha512-OF8fFQSkbL7vJY9rfuegK1R7sPgQ6kFMkDamiEccNUvieQ+3urzfDFI616oPl8V7T9zRmnTkSjMOImYCAVRVuw=="],

    "@libsql/isomorphic-fetch": ["@libsql/isomorphic-fetch@0.3.1", "", {}, "sha512-6kK3SUK5Uu56zPq/Las620n5aS9xJq+jMBcNSOmjhNf/MUvdyji4vrMTqD7ptY7/4/CAVEAYDeotUz60LNQHtw=="],

    "@libsql/isomorphic-ws": ["@libsql/isomorphic-ws@0.1.5", "", { "dependencies": { "@types/ws": "^8.5.4", "ws": "^8.13.0" } }, "sha512-DtLWIH29onUYR00i0GlQ3UdcTRC6EP4u9w/h9LxpUZJWRMARk6dQwZ6Jkd+QdwVpuAOrdxt18v0K2uIYR3fwFg=="],

    "@libsql/linux-arm64-gnu": ["@libsql/linux-arm64-gnu@0.4.7", "", { "os": "linux", "cpu": "arm64" }, "sha512-WlX2VYB5diM4kFfNaYcyhw5y+UJAI3xcMkEUJZPtRDEIu85SsSFrQ+gvoKfcVh76B//ztSeEX2wl9yrjF7BBCA=="],

    "@libsql/linux-arm64-musl": ["@libsql/linux-arm64-musl@0.4.7", "", { "os": "linux", "cpu": "arm64" }, "sha512-6kK9xAArVRlTCpWeqnNMCoXW1pe7WITI378n4NpvU5EJ0Ok3aNTIC2nRPRjhro90QcnmLL1jPcrVwO4WD1U0xw=="],

    "@libsql/linux-x64-gnu": ["@libsql/linux-x64-gnu@0.4.7", "", { "os": "linux", "cpu": "x64" }, "sha512-CMnNRCmlWQqqzlTw6NeaZXzLWI8bydaXDke63JTUCvu8R+fj/ENsLrVBtPDlxQ0wGsYdXGlrUCH8Qi9gJep0yQ=="],

    "@libsql/linux-x64-musl": ["@libsql/linux-x64-musl@0.4.7", "", { "os": "linux", "cpu": "x64" }, "sha512-nI6tpS1t6WzGAt1Kx1n1HsvtBbZ+jHn0m7ogNNT6pQHZQj7AFFTIMeDQw/i/Nt5H38np1GVRNsFe99eSIMs9XA=="],

    "@libsql/win32-x64-msvc": ["@libsql/win32-x64-msvc@0.4.7", "", { "os": "win32", "cpu": "x64" }, "sha512-7pJzOWzPm6oJUxml+PCDRzYQ4A1hTMHAciTAHfFK4fkbDZX33nWPVG7Y3vqdKtslcwAzwmrNDc6sXy2nwWnbiw=="],

    "@neon-rs/load": ["@neon-rs/load@0.0.4", "", {}, "sha512-kTPhdZyTQxB+2wpiRcFWrDcejc4JI6tkPuS7UZCG4l6Zvc5kU/gGQ/ozvHTh1XR5tS+UlfAfGuPajjzQjCiHCw=="],

    "@tanstack/query-core": ["@tanstack/query-core@5.100.10", "", {}, "sha512-8UR0yJR+GiQ40m3lPhUr0xbfAupe6GSQiksSBSa9SM2NjezFyxXCIA69/lz8cSoNKZLrw1/PktIyQBJcVeMi3w=="],

    "@tanstack/react-query": ["@tanstack/react-query@5.100.10", "", { "dependencies": { "@tanstack/query-core": "5.100.10" }, "peerDependencies": { "react": "^18 || ^19" } }, "sha512-FLaZf2RCrA/Zgp4aiu5tG3TyasTRO7aZ99skxQpr3Hg/zXOhu6yq5FZCYQ/tRaJtM9ylnoK8tFK7PolXQadv6Q=="],

    "@types/bun": ["@types/bun@1.4.2", "", { "dependencies": { "bun-types": "1.4.2" } }, "sha512-GimotNn7+ZV0uVArItBbriZsR1oNf0+WTzPkdcFrzShI7k2norL0uzEaJT8T33dWr7O/c9ZDuAFQrctKCi72oQ=="],

    "@types/d3-array": ["@types/d3-array@3.2.2", "", {}, "sha512-hOLWVbm7uRza0BYXpIIW5pxfrKe0W+D5lrFiAEYR+pb6w3N2SwSMaJbXdUfSEv+dT4MfHBLtn5js0LAWaO6otw=="],

    "@types/d3-color": ["@types/d3-color@3.1.3", "", {}, "sha512-iO90scth9WAbmgv7ogoq57O9YpKmFBbmoEoCHDB2xMBY0+/KVrqAaCDyCE16dUspeOvIxFFRI+0sEtqDqy2b4A=="],

    "@types/d3-ease": ["@types/d3-ease@3.0.2", "", {}, "sha512-NcV1JjO5oDzoK26oMzbILE6HW7uVXOHLQvHshBUW4UMdZGfiY6v5BeQwh9a9tCzv+CeefZQHJt5SRgK154RtiA=="],

    "@types/d3-interpolate": ["@types/d3-interpolate@3.0.4", "", { "dependencies": { "@types/d3-color": "*" } }, "sha512-mgLPETlrpVV1YRJIglr4Ez47g7Yxjl1lj7YKsiMCb27VJH9W8NVM6Bb9d8kkpG/uAQS5AmbA48q2IAolKKo1MA=="],

    "@types/d3-path": ["@types/d3-path@3.1.1", "", {}, "sha512-VMZBYyQvbGmWyWVea0EHs/BwLgxc+MKi1zLDCONksozI4YJMcTt8ZEuIR4Sb1MMTE8MMW49v0IwI5+b7RmfWlg=="],

    "@types/d3-scale": ["@types/d3-scale@4.0.9", "", { "dependencies": { "@types/d3-time": "*" } }, "sha512-dLmtwB8zkAeO/juAMfnV+sItKjlsw2lKdZVVy6LRr0cBmegxSABiLEpGVmSJJ8O08i4+sGR6qQtb6WtuwJdvVw=="],

    "@types/d3-shape": ["@types/d3-shape@3.2.0", "", { "dependencies": { "@types/d3-path": "*" } }, "sha512-kVd74ta9eof3eJOvbNd1vGKS/XERRyQbT26Og63hIsvDO84cjD5gEOhsXf26w3FSoNlPVz84DOFcKv/oou+fMw=="],

    "@types/d3-time": ["@types/d3-time@3.0.4", "", {}, "sha512-yuzZug1nkAAaBlBBikKZTgzCeA+k1uy4ZFwWANOfKw5z5LRhV0gNA7gNkKm7HoK+HRN0wX3EkxGk0fpbWhmB7g=="],

    "@types/d3-timer": ["@types/d3-timer@3.0.2", "", {}, "sha512-Ps3T8E8dZDam6fUyNiMkekK3XUsaUEik+idO9/YjPtfj2qruF8tFBXS7XhtE4iIXBLxhmLjP3SXpLhVf21I9Lw=="],

    "@types/node": ["@types/node@22.20.2", "", { "dependencies": { "undici-types": "~6.21.0" } }, "sha512-xlvWf4Vs9n1PEVYwP1n4vvG07M6y8WgvJ2t0vbrWTmijsIHp1cS+uJ2kMIRdY3nHZK0nCYKrPeD171+SzF4/zw=="],

    "@types/react": ["@types/react@19.2.14", "", { "dependencies": { "csstype": "^3.2.2" } }, "sha512-ilcTH/UniCkMdtexkoCN0bI7pMcJDvmQFPvuPvmEaYA/NSfFTAgdUSLAoVjaRJm7+6PvcM+q1zYOwS4wTYMF9w=="],

    "@types/react-dom": ["@types/react-dom@19.2.3", "", { "peerDependencies": { "@types/react": "^19.2.0" } }, "sha512-jp2L/eY6fn+KgVVQAOqYItbF0VY/YApe5Mz2F0aykSO8gx31bYCZyvSeYxCHKvzHG5eZjc+zyaS5BrBWya2+kQ=="],

    "@types/ws": ["@types/ws@8.18.1", "", { "dependencies": { "@types/node": "*" } }, "sha512-ThVF6DCVhA8kUGy+aazFQ4kXQ7E1Ty7A3ypFOe0IcJV8O/M511G99AW24irKrW56Wt44yG9+ij8FaqoBGkuBXg=="],

    "bun-plugin-tailwind": ["bun-plugin-tailwind@0.0.15", "", { "peerDependencies": { "typescript": "^5.0.0" } }, "sha512-qtAXMNGG4R0UGGI8zWrqm2B7BdXqx48vunJXBPzfDOHPA5WkRUZdTSbE7TFwO4jLhYqSE23YMWsM9NhE6ovobw=="],

    "bun-types": ["bun-types@1.4.2", "", { "dependencies": { "@types/node": "*" } }, "sha512-bxV1FgK7yBIzjRe5zBozIM4Bem11ZJcCXSrjWRG3YWLt8yFDePu4cLjpebO8OvPeIE9trbyPF4fuj3Cia4Fj3w=="],

    "clsx": ["clsx@2.1.1", "", {}, "sha512-eYm0QWBtUrBWZWG0d386OGAw16Z995PiOVo2B7bjWSbHedGl5e0ZWaq65kOGgUSNesEIDkB9ISbTg/JK9dhCZA=="],

    "csstype": ["csstype@3.2.3", "", {}, "sha512-z1HGKcYy2xA8AGQfwrn0PAy+PB7X/GSj3UVJW9qKyn43xWa+gl5nXmU4qqLMRzWVLFC8KusUX8T/0kCiOYpAIQ=="],

    "d3-array": ["d3-array@3.2.4", "", { "dependencies": { "internmap": "1 - 2" } }, "sha512-tdQAmyA18i4J7wprpYq8ClcxZy3SC31QMeByyCFyRt7BVHdREQZ5lpzoe5mFEYZUWe+oq8HBvk9JjpibyEV4Jg=="],

    "d3-color": ["d3-color@3.1.0", "", {}, "sha512-zg/chbXyeBtMQ1LbD/WSoW2DpC3I0mpmPdW+ynRTj/x2DAWYrIY7qeZIHidozwV24m4iavr15lNwIwLxRmOxhA=="],

    "d3-ease": ["d3-ease@3.0.1", "", {}, "sha512-wR/XK3D3XcLIZwpbvQwQ5fK+8Ykds1ip7A2Txe0yxncXSdq1L9skcG7blcedkOX+ZcgxGAmLX1FrRGbADwzi0w=="],

    "d3-format": ["d3-format@3.1.2", "", {}, "sha512-AJDdYOdnyRDV5b6ArilzCPPwc1ejkHcoyFarqlPqT7zRYjhavcT3uSrqcMvsgh2CgoPbK3RCwyHaVyxYcP2Arg=="],

    "d3-interpolate": ["d3-interpolate@3.0.1", "", { "dependencies": { "d3-color": "1 - 3" } }, "sha512-3bYs1rOD33uo8aqJfKP3JWPAibgw8Zm2+L9vBKEHJ2Rg+viTR7o5Mmv5mZcieN+FRYaAOWX5SJATX6k1PWz72g=="],

    "d3-path": ["d3-path@3.1.0", "", {}, "sha512-p3KP5HCf/bvjBSSKuXid6Zqijx7wIfNW+J/maPs+iwR35at5JCbLUT0LzF1cnjbCHWhqzQTIN2Jpe8pRebIEFQ=="],

    "d3-scale": ["d3-scale@4.0.2", "", { "dependencies": { "d3-array": "2.10.0 - 3", "d3-format": "1 - 3", "d3-interpolate": "1.2.0 - 3", "d3-time": "2.1.1 - 3", "d3-time-format": "2 - 4" } }, "sha512-GZW464g1SH7ag3Y7hXjf8RoUuAFIqklOAq3MRl4OaWabTFJY9PN/E1YklhXLh+OQ3fM9yS2nOkCoS+WLZ6kvxQ=="],

    "d3-shape": ["d3-shape@3.2.0", "", { "dependencies": { "d3-path": "^3.1.0" } }, "sha512-SaLBuwGm3MOViRq2ABk3eLoxwZELpH6zhl3FbAoJ7Vm1gofKx6El1Ib5z23NUEhF9AsGl7y+dzLe5Cw2AArGTA=="],

    "d3-time": ["d3-time@3.1.0", "", { "dependencies": { "d3-array": "2 - 3" } }, "sha512-VqKjzBLejbSMT4IgbmVgDjpkYrNWUYJnbCGo874u7MMKIWsILRX+OpX/gTk8MqjpT1A/c6HY2dCA77ZN0lkQ2Q=="],

    "d3-time-format": ["d3-time-format@4.1.0", "", { "dependencies": { "d3-time": "1 - 3" } }, "sha512-dJxPBlzC7NugB2PDLwo9Q8JiTR3M3e4/XANkreKSUxF8vvXKqm1Yfq4Q5dl8budlunRVlUUaDUgFt7eA8D6NLg=="],

    "d3-timer": ["d3-timer@3.0.1", "", {}, "sha512-ndfJ/JxxMd3nw31uyKoY2naivF+r29V+Lc0svZxe1JvvIRmi8hUsrMvdOwgS1o6uBHmiz91geQ0ylPP0aj1VUA=="],

    "data-uri-to-buffer": ["data-uri-to-buffer@4.0.1", "", {}, "sha512-0R9ikRb668HB7QDxT1vkpuUBtqc53YyAwMwGeUFKRojY/NWKvdZ+9UYtRfGmhqNbRkTSVpMbmyhXipFFv2cb/A=="],

    "decimal.js-light": ["decimal.js-light@2.5.1", "", {}, "sha512-qIMFpTMZmny+MMIitAB6D7iVPEorVw6YQRWkvarTkT4tBeSLLiHzcwj6q0MmYSFCiVpiqPJTJEYIrpcPzVEIvg=="],

    "detect-libc": ["detect-libc@2.0.2", "", {}, "sha512-UX6sGumvvqSaXgdKGUsgZWqcUyIXZ/vZTrlRT/iobiKhGL0zL4d3osHj3uqllWJK+i+sixDS/3COVEOFbupFyw=="],

    "dom-helpers": ["dom-helpers@5.2.1", "", { "dependencies": { "@babel/runtime": "^7.8.7", "csstype": "^3.0.2" } }, "sha512-nRCa7CK3VTrM2NmGkIy4cbK7IZlgBE/PYMn55rrXefr5xXDP0LdtfPnblFDoVdcAfslJ7or6iqAUnx0CCGIWQA=="],

    "drizzle-orm": ["drizzle-orm@0.45.2", "", { "peerDependencies": { "@aws-sdk/client-rds-data": ">=3", "@cloudflare/workers-types": ">=4", "@electric-sql/pglite": ">=0.2.0", "@libsql/client": ">=0.10.0", "@libsql/client-wasm": ">=0.10.0", "@neondatabase/serverless": ">=0.10.0", "@op-engineering/op-sqlite": ">=2", "@opentelemetry/api": "^1.4.1", "@planetscale/database": ">=1.13", "@prisma/client": "*", "@tidbcloud/serverless": "*", "@types/better-sqlite3": "*", "@types/pg": "*", "@types/sql.js": "*", "@upstash/redis": ">=1.34.7", "@vercel/postgres": ">=0.8.0", "@xata.io/client": "*", "better-sqlite3": ">=7", "bun-types": "*", "expo-sqlite": ">=14.0.0", "gel": ">=2", "knex": "*", "kysely": "*", "mysql2": ">=2", "pg": ">=8", "postgres": ">=3", "sql.js": ">=1", "sqlite3": ">=5" }, "optionalPeers": ["@aws-sdk/client-rds-data", "@cloudflare/workers-types", "@electric-sql/pglite", "@libsql/client", "@libsql/client-wasm", "@neondatabase/serverless", "@op-engineering/op-sqlite", "@opentelemetry/api", "@planetscale/database", "@prisma/client", "@tidbcloud/serverless", "@types/better-sqlite3", "@types/pg", "@types/sql.js", "@upstash/redis", "@vercel/postgres", "@xata.io/client", "better-sqlite3", "bun-types", "expo-sqlite", "gel", "knex", "kysely", "mysql2", "pg", "postgres", "sql.js", "sqlite3"] }, "sha512-kY0BSaTNYWnoDMVoyY8uxmyHjpJW1geOmBMdSSicKo9CIIWkSxMIj2rkeSR51b8KAPB7m+qysjuHme5nKP+E5Q=="],

    "eventemitter3": ["eventemitter3@4.0.7", "", {}, "sha512-8guHBZCwKnFhYdHr2ysuRWErTwhoN2X8XELRlrRwpmfeY2jjuUN4taQMsULKUVo1K4DvZl+0pgfyoysHxvmvEw=="],

    "fast-equals": ["fast-equals@5.4.2", "", {}, "sha512-Ywe6jodPTWOTL9/k0bV7gdfP8twKL5Y8I8CZ933fAY5gBekICZSUQTbyH6ut2NZCNyB05mSUwAuEqdEIaOOlDQ=="],

    "fetch-blob": ["fetch-blob@3.2.0", "", { "dependencies": { "node-domexception": "^1.0.0", "web-streams-polyfill": "^3.0.3" } }, "sha512-7yAQpD2UMJzLi1Dqv7qFYnPbaPx7ZfFK6PiIxQ4PfkGPyNyl2Ugx+a/umUonmKqjhM4DnfbMvdX6otXq83soQQ=="],

    "formdata-polyfill": ["formdata-polyfill@4.0.10", "", { "dependencies": { "fetch-blob": "^3.1.2" } }, "sha512-buewHzMvYL29jdeQTVILecSaZKnt/RJWjoZCF5OW60Z67/GmSLBkOFM7qh1PI3zFNtJbaZL5eQu1vLfazOwj4g=="],

    "internmap": ["internmap@2.0.3", "", {}, "sha512-5Hh7Y1wQbvY5ooGgPbDaL5iYLAPzMTUrjMulskHLH6wnv/A+1q5rgEaiuqEjB+oxGXIVZs1FF+R/KPN3ZSQYYg=="],

    "js-base64": ["js-base64@3.9.3", "", {}, "sha512-uwYQp+VJ38FVvtim6qNbit6e9uT6dwWQ4Y1+H9TxhW5hcHjpHwoxlR0nMpqUmIFOmu4VqMxwdJA88gIVuZJQ/g=="],

    "js-tokens": ["js-tokens@4.0.0", "", {}, "sha512-RdJUflcE3cUzKiMqQgsCu06FPu9UdIJO0beYbPhHN4k6apgJtifcoCtT9bcxOpYBtpD2kCM6Sbzg4CausW/PKQ=="],

    "libsql": ["libsql@0.4.7", "", { "dependencies": { "@neon-rs/load": "^0.0.4", "detect-libc": "2.0.2" }, "optionalDependencies": { "@libsql/darwin-arm64": "0.4.7", "@libsql/darwin-x64": "0.4.7", "@libsql/linux-arm64-gnu": "0.4.7", "@libsql/linux-arm64-musl": "0.4.7", "@libsql/linux-x64-gnu": "0.4.7", "@libsql/linux-x64-musl": "0.4.7", "@libsql/win32-x64-msvc": "0.4.7" }, "os": [ "linux", "win32", "darwin", ], "cpu": [ "x64", "arm64", ] }, "sha512-T9eIRCs6b0J1SHKYIvD8+KCJMcWZ900iZyxdnSCdqxN12Z1ijzT+jY5nrk72Jw4B0HGzms2NgpryArlJqvc3Lw=="],

    "lodash": ["lodash@4.18.1", "", {}, "sha512-dMInicTPVE8d1e5otfwmmjlxkZoUpiVLwyeTdUsi/Caj/gfzzblBcCE5sRHV/AsjuCmxWrte2TNGSYuCeCq+0Q=="],

    "loose-envify": ["loose-envify@1.4.0", "", { "dependencies": { "js-tokens": "^3.0.0 || ^4.0.0" }, "bin": { "loose-envify": "cli.js" } }, "sha512-lyuxPGr/Wfhrlem2CL/UcnUc1zcqKAImBDzukY7Y5F/yQiNdko6+fRLevlw1HgMySw7f611UIY408EtxRSoK3Q=="],

    "node-domexception": ["node-domexception@1.0.0", "", {}, "sha512-/jKZoMpw0F8GRwl4/eLROPA3cfcXtLApP0QzLmUT/HuPCZWyB7IY9ZrMeKw2O/nFIqPQB3PVM9aYm0F312AXDQ=="],

    "node-fetch": ["node-fetch@3.3.2", "", { "dependencies": { "data-uri-to-buffer": "^4.0.0", "fetch-blob": "^3.1.4", "formdata-polyfill": "^4.0.10" } }, "sha512-dRB78srN/l6gqWulah9SrxeYnxeddIG30+GOqK/9OlLVyLg3HPnr6SqOWTWOXKRwC2eGYCkZ59NNuSgvSrpgOA=="],

    "object-assign": ["object-assign@4.1.1", "", {}, "sha512-rJgTQnkUnH1sFw8yT6VSU3zD3sWmu6sZhIseY8VX+GRu3P6F7Fu+JNDoXfklElbLJSnc3FUQHVe4cU5hj+BcUg=="],

    "promise-limit": ["promise-limit@2.7.0", "", {}, "sha512-7nJ6v5lnJsXwGprnGXga4wx6d1POjvi5Qmf1ivTRxTjH4Z/9Czja/UCMLVmB9N93GeWOU93XaFaEt6jbuoagNw=="],

    "prop-types": ["prop-types@15.8.1", "", { "dependencies": { "loose-envify": "^1.4.0", "object-assign": "^4.1.1", "react-is": "^16.13.1" } }, "sha512-oj87CgZICdulUohogVAR7AjlC0327U4el4L6eAvOqCeudMDVU0NThNaV+b9Df4dXgSP1gXMTnPdhfe/2qDH5cg=="],

    "react": ["react@19.2.5", "", {}, "sha512-llUJLzz1zTUBrskt2pwZgLq59AemifIftw4aB7JxOqf1HY2FDaGDxgwpAPVzHU1kdWabH7FauP4i1oEeer2WCA=="],

    "react-dom": ["react-dom@19.2.5", "", { "dependencies": { "scheduler": "^0.27.0" }, "peerDependencies": { "react": "^19.2.5" } }, "sha512-J5bAZz+DXMMwW/wV3xzKke59Af6CHY7G4uYLN1OvBcKEsWOs4pQExj86BBKamxl/Ik5bx9whOrvBlSDfWzgSag=="],

    "react-is": ["react-is@18.3.1", "", {}, "sha512-/LLMVyas0ljjAtoYiPqYiL8VWXzUUdThrmU5+n20DZv+a+ClRoevUzw5JxU+Ieh5/c87ytoTBV9G1FiKfNJdmg=="],

    "react-smooth": ["react-smooth@4.0.4", "", { "dependencies": { "fast-equals": "^5.0.1", "prop-types": "^15.8.1", "react-transition-group": "^4.4.5" }, "peerDependencies": { "react": "^16.8.0 || ^17.0.0 || ^18.0.0 || ^19.0.0", "react-dom": "^16.8.0 || ^17.0.0 || ^18.0.0 || ^19.0.0" } }, "sha512-gnGKTpYwqL0Iii09gHobNolvX4Kiq4PKx6eWBCYYix+8cdw+cGo3do906l1NBPKkSWx1DghC1dlWG9L2uGd61Q=="],

    "react-transition-group": ["react-transition-group@4.4.5", "", { "dependencies": { "@babel/runtime": "^7.5.5", "dom-helpers": "^5.0.1", "loose-envify": "^1.4.0", "prop-types": "^15.6.2" }, "peerDependencies": { "react": ">=16.6.0", "react-dom": ">=16.6.0" } }, "sha512-pZcd1MCJoiKiBR2NRxeCRg13uCXbydPnmB4EOeRrY7480qNWO8IIgQG6zlDkm6uRMsURXPuKq0GWtiM59a5Q6g=="],

    "recharts": ["recharts@2.15.3", "", { "dependencies": { "clsx": "^2.0.0", "eventemitter3": "^4.0.1", "lodash": "^4.17.21", "react-is": "^18.3.1", "react-smooth": "^4.0.4", "recharts-scale": "^0.4.4", "tiny-invariant": "^1.3.1", "victory-vendor": "^36.6.8" }, "peerDependencies": { "react": "^16.0.0 || ^17.0.0 || ^18.0.0 || ^19.0.0", "react-dom": "^16.0.0 || ^17.0.0 || ^18.0.0 || ^19.0.0" } }, "sha512-EdOPzTwcFSuqtvkDoaM5ws/Km1+WTAO2eizL7rqiG0V2UVhTnz0m7J2i0CjVPUCdEkZImaWvXLbZDS2H5t6GFQ=="],

    "recharts-scale": ["recharts-scale@0.4.5", "", { "dependencies": { "decimal.js-light": "^2.4.1" } }, "sha512-kivNFO+0OcUNu7jQquLXAxz1FIwZj8nrj+YkOKc5694NbjCvcT6aSZiIzNzd2Kul4o4rTto8QVR9lMNtxD4G1w=="],

    "scheduler": ["scheduler@0.27.0", "", {}, "sha512-eNv+WrVbKu1f3vbYJT/xtiF5syA5HPIMtf9IgY/nKg0sWqzAUEvqY/xm7OcZc/qafLx/iO9FgOmeSAp4v5ti/Q=="],

    "tailwindcss": ["tailwindcss@4.1.13", "", {}, "sha512-i+zidfmTqtwquj4hMEwdjshYYgMbOrPzb9a0M3ZgNa0JMoZeFC6bxZvO8yr8ozS6ix2SDz0+mvryPeBs2TFE+w=="],

    "tailwindcss-safe-area": ["tailwindcss-safe-area@1.3.0", "", { "peerDependencies": { "tailwindcss": "^4.0.0" } }, "sha512-RoxnW1zAjBWC3XK+row7Qj5toRMRlKNN/p3FLXb6fTGKxDGWT6JP/mcNX1yf09xRficQ308hbwiedgniepSp1Q=="],

    "tiny-invariant": ["tiny-invariant@1.3.3", "", {}, "sha512-+FbBPE1o9QAYvviau/qC5SE3caw21q3xkvWKBtja5vgqOWIHHJ3ioaq1VPfn/Szqctz2bU/oYeKd9/z5BL+PVg=="],

    "typescript": ["typescript@5.6.3", "", { "bin": { "tsc": "bin/tsc", "tsserver": "bin/tsserver" } }, "sha512-hjcS1mhfuyi4WW8IWtjP7brDrG2cuDZukyrYrSauoXGNgx0S7zceP07adYkJycEr56BOUTNPzbInooiN3fn1qw=="],

    "undici-types": ["undici-types@6.21.0", "", {}, "sha512-iwDZqg0QAGrg9Rav5H4n0M64c3mkR59cJ6wQp+7C4nI0gsmExaedaYLNO44eT4AtBBwjbTiGPMlt2Md0T9H9JQ=="],

    "victory-vendor": ["victory-vendor@36.9.2", "", { "dependencies": { "@types/d3-array": "^3.0.3", "@types/d3-ease": "^3.0.0", "@types/d3-interpolate": "^3.0.1", "@types/d3-scale": "^4.0.2", "@types/d3-shape": "^3.1.0", "@types/d3-time": "^3.0.0", "@types/d3-timer": "^3.0.0", "d3-array": "^3.1.6", "d3-ease": "^3.0.1", "d3-interpolate": "^3.0.1", "d3-scale": "^4.0.2", "d3-shape": "^3.1.0", "d3-time": "^3.0.0", "d3-timer": "^3.0.1" } }, "sha512-PnpQQMuxlwYdocC8fIJqVXvkeViHYzotI+NJrCuav0ZYFoq912ZHBk3mCeuj+5/VpodOjPe1z0Fk2ihgzlXqjQ=="],

    "web-streams-polyfill": ["web-streams-polyfill@3.3.3", "", {}, "sha512-d2JWLCivmZYTSIoge9MsgFCZrt571BikcWGYkjC1khllbTeDlGqZ2D8vD8E/lJa8WGWbb7Plm8/XJYV7IJHZZw=="],

    "ws": ["ws@8.21.3", "", { "peerDependencies": { "bufferutil": "^4.0.1", "utf-8-validate": ">=5.0.2" }, "optionalPeers": ["bufferutil", "utf-8-validate"] }, "sha512-201TZ/kPWxoPr/OKWjquZR1SWKXcvxdH+e1xrx89b3YbmzLMFCLfnaG1HFIgWzJOEWZ7MvpK++odZufgYR50Rw=="],

    "zod": ["zod@4.4.3", "", {}, "sha512-ytENFjIJFl2UwYglde2jchW2Hwm4GJFLDiSXWdTrJQBIN9Fcyp7n4DhxJEiWNAJMV1/BqWfW/kkg71UDcHJyTQ=="],

    "prop-types/react-is": ["react-is@16.13.1", "", {}, "sha512-24e6ynE2H+OKt4kqsOvNd8kBpV65zoxbA4BVsEOB3ARVWQki/DHzaUoC5KuON/BiccDaCCTZBuOcfZs70kR8bQ=="],
  }
}
